
Microsoft Visual Studio Solution File, Format Version 12.00
# Visual Studio Version 17
VisualStudioVersion = 17.7.34024.191
MinimumVisualStudioVersion = 10.0.40219.1
Project("{FAE04EC0-301F-11D3-BF4B-00C04F79EFBC}") = "lab1_math_ciphers_task1", "lab1_math_ciphers_task1\lab1_math_ciphers_task1.csproj", "{A94675C8-EDB6-4080-9956-3BDDB4232FFE}"
EndProject
Global
	GlobalSection(SolutionConfigurationPlatforms) = preSolution
		Debug|Any CPU = Debug|Any CPU
		Release|Any CPU = Release|Any CPU
	EndGlobalSection
	GlobalSection(ProjectConfigurationPlatforms) = postSolution
		{A94675C8-EDB6-4080-9956-3BDDB4232FFE}.Debug|Any CPU.ActiveCfg = Debug|Any CPU
		{A94675C8-EDB6-4080-9956-3BDDB4232FFE}.Debug|Any CPU.Build.0 = Debug|Any CPU
		{A94675C8-EDB6-4080-9956-3BDDB4232FFE}.Release|Any CPU.ActiveCfg = Release|Any CPU
		{A94675C8-EDB6-4080-9956-3BDDB4232FFE}.Release|Any CPU.Build.0 = Release|Any CPU
	EndGlobalSection
	GlobalSection(SolutionProperties) = preSolution
		HideSolutionNode = FALSE
	EndGlobalSection
	GlobalSection(ExtensibilityGlobals) = postSolution
		SolutionGuid = {C5040477-141E-4456-841E-21CD8E719DEC}
	EndGlobalSection
EndGlobal
